PODS:
  - Bolts (1.2.0):
    - Bolts/AppLinks (= 1.2.0)
    - Bolts/Tasks (= 1.2.0)
  - Bolts/AppLinks (1.2.0):
    - Bolts/Tasks
  - Bolts/Tasks (1.2.0)
  - CRToast (0.0.7)
  - FBSDKCoreKit (4.5.1):
    - Bolts (~> 1.1)
    - FBSDKCoreKit/arc (= 4.5.1)
    - FBSDKCoreKit/no-arc (= 4.5.1)
  - FBSDKCoreKit/arc (4.5.1):
    - Bolts (~> 1.1)
  - FBSDKCoreKit/no-arc (4.5.1):
    - Bolts (~> 1.1)
    - FBSDKCoreKit/arc
  - FBSDKLoginKit (4.5.1):
    - FBSDKCoreKit
  - FBSDKShareKit (4.5.1):
    - FBSDKCoreKit
  - Parse (1.7.5.3):
    - Bolts/Tasks (>= 1.2.0)
  - ParseFacebookUtilsV4 (1.7.5.3):
    - Bolts/Tasks (>= 1.2.0)
    - FBSDKCoreKit (~> 4.0)
    - FBSDKLoginKit (~> 4.0)
    - Parse (~> 1.7.5.3)
  - pop (1.0.7)
  - SnapKit (0.13.0)
  - TAPageControl (0.2.0)

DEPENDENCIES:
  - CRToast (~> 0.0.7)
  - FBSDKCoreKit (~> 4.5)
  - FBSDKLoginKit (~> 4.5)
  - FBSDKShareKit (~> 4.5)
  - Parse (~> 1.7)
  - ParseFacebookUtilsV4 (~> 1.7)
  - pop
  - SnapKit
  - TAPageControl

SPEC CHECKSUMS:
  Bolts: d176cb1e0012175589e389a9db49b85e27787576
  CRToast: 99a28f4387def43b439ad88f957ce31357ff7373
  FBSDKCoreKit: f335eaf6865e1e1597dee1debfb533045500da47
  FBSDKLoginKit: 225cc9a388a92916ee3f3bb14422017b6e44b65b
  FBSDKShareKit: 642034ac9f30793dfd897851b724bb4281750266
  Parse: 373adbb1ad2e34d383542c3b28f678c49ebe4881
  ParseFacebookUtilsV4: ea5db22e87b91cbf99b9d156642e2b97a4db7d51
  pop: 628ffc631644601567ee8bfaaaea493ebd7d0923
  SnapKit: 69fe274c71511df89a5591c11437a8b826bfa9eb
  TAPageControl: fd11d779bbb5c2464ca2f55dde9e288213ea8a9b

COCOAPODS: 0.37.2
