PODS:
  - Alamofire (3.3.0)
  - AMPopTip (0.10.2)
  - AWSCognito (2.3.6):
    - AWSCore (= 2.3.6)
  - AWSCore (2.3.6)
  - AWSLambda (2.3.6):
    - AWSCore (= 2.3.6)
  - AWSMobileAnalytics (2.3.6):
    - AWSCore (= 2.3.6)
  - AWSS3 (2.3.6):
    - AWSCore (= 2.3.6)
  - Bolts (1.7.0):
    - Bolts/AppLinks (= 1.7.0)
    - Bolts/Tasks (= 1.7.0)
  - Bolts/AppLinks (1.7.0):
    - Bolts/Tasks
  - Bolts/Tasks (1.7.0)
  - CRToast (0.0.9)
  - FBSDKCoreKit (4.10.1):
    - Bolts (~> 1.5)
  - FBSDKLoginKit (4.10.1):
    - FBSDKCoreKit
  - FBSDKShareKit (4.10.1):
    - FBSDKCoreKit
  - Moya (6.3.1):
    - Moya/Core (= 6.3.1)
  - Moya/Core (6.3.1):
    - Alamofire (~> 3.0)
    - Result (~> 1.0)
  - pop (1.0.9)
  - Result (1.0.2)
  - SnapKit (0.15.0)
  - TAPageControl (0.2.0)

DEPENDENCIES:
  - AMPopTip
  - AWSCognito
  - AWSCore
  - AWSLambda
  - AWSMobileAnalytics
  - AWSS3
  - CRToast (~> 0.0.7)
  - FBSDKCoreKit
  - FBSDKLoginKit
  - FBSDKShareKit
  - Moya
  - pop
  - SnapKit (~> 0.15.0)
  - TAPageControl

SPEC CHECKSUMS:
  Alamofire: 9054db4a1b1ca9e363223183e01cea380159a27c
  AMPopTip: 0788a9452806049e3aa0d6d09324606fc41ea646
  AWSCognito: af54fe65171c7c994c134e5d29b1ee60ee234825
  AWSCore: 917d84b32974136194a905b98c0ae25c9f3350b8
  AWSLambda: 9882d7bf98d368fa7e0c98d0f6e15dbbd4eb0e26
  AWSMobileAnalytics: 56ce9e671640fbd702f8ce52b0f128e525f3e51c
  AWSS3: 1caaf6b45100503fecf3d418c394519a89409a74
  Bolts: a0058fa3b331c5a1e4402d534f2dae36dbff31e4
  CRToast: 5a78c22b921c5ed3487488af605bc403a9c92fed
  FBSDKCoreKit: d2aaed5e9ab7d8d6301c533376a1fbff1cf3deb5
  FBSDKLoginKit: 699ff169080e3072de4b9b0faca90bf23dc36deb
  FBSDKShareKit: 2fd887cce0056bdda91f99b2021d724a4fed8e88
  Moya: 852e26948a3771355ddf0f0109ac779b6fc30f28
  pop: f667631a5108a2e60d9e8797c9b32ddaf2080bce
  Result: dd3dd71af3fa2e262f1a999e14fba2c25ec14f16
  SnapKit: 4962eed2ee18e48cbd2b2292fffc57efe7235f87
  TAPageControl: fd11d779bbb5c2464ca2f55dde9e288213ea8a9b

COCOAPODS: 0.39.0
